<?xml version="1.0" encoding="UTF-8"?>
<CodeBlocks_project_file>
	<FileVersion major="1" minor="6"/>
	<Project>
		<Option title="MyProject"/>
		<Option makefile_is_custom="1"/>
		<Option compiler="gcc"/>
		<Option virtualFolders="CMake Files\;"/>
		<Build>
			<Target title="all">
				<Option working_dir="/Users/wangweicheng/Dropbox/My Mac (王伟程的MacBook Pro)/Desktop/Code/cmake-build-debug"/>
				<Option type="4"/>
				<MakeCommands>
					<Build command="/usr/bin/make -j8 -f &quot;/Users/wangweicheng/Dropbox/My\ Mac\ (王伟程的MacBook\ Pro)/Desktop/Code/cmake-build-debug/Makefile&quot;  VERBOSE=1 all"/>
					<CompileFile command="/usr/bin/make -j8 -f &quot;/Users/wangweicheng/Dropbox/My\ Mac\ (王伟程的MacBook\ Pro)/Desktop/Code/cmake-build-debug/Makefile&quot;  VERBOSE=1 &quot;$file&quot;"/>
					<Clean command="/usr/bin/make -j8 -f &quot;/Users/wangweicheng/Dropbox/My\ Mac\ (王伟程的MacBook\ Pro)/Desktop/Code/cmake-build-debug/Makefile&quot;  VERBOSE=1 clean"/>
					<DistClean command="/usr/bin/make -j8 -f &quot;/Users/wangweicheng/Dropbox/My\ Mac\ (王伟程的MacBook\ Pro)/Desktop/Code/cmake-build-debug/Makefile&quot;  VERBOSE=1 clean"/>
				</MakeCommands>
			</Target>
			<Target title="rebuild_cache">
				<Option working_dir="/Users/wangweicheng/Dropbox/My Mac (王伟程的MacBook Pro)/Desktop/Code/cmake-build-debug"/>
				<Option type="4"/>
				<MakeCommands>
					<Build command="/usr/bin/make -j8 -f &quot;/Users/wangweicheng/Dropbox/My\ Mac\ (王伟程的MacBook\ Pro)/Desktop/Code/cmake-build-debug/Makefile&quot;  VERBOSE=1 rebuild_cache"/>
					<CompileFile command="/usr/bin/make -j8 -f &quot;/Users/wangweicheng/Dropbox/My\ Mac\ (王伟程的MacBook\ Pro)/Desktop/Code/cmake-build-debug/Makefile&quot;  VERBOSE=1 &quot;$file&quot;"/>
					<Clean command="/usr/bin/make -j8 -f &quot;/Users/wangweicheng/Dropbox/My\ Mac\ (王伟程的MacBook\ Pro)/Desktop/Code/cmake-build-debug/Makefile&quot;  VERBOSE=1 clean"/>
					<DistClean command="/usr/bin/make -j8 -f &quot;/Users/wangweicheng/Dropbox/My\ Mac\ (王伟程的MacBook\ Pro)/Desktop/Code/cmake-build-debug/Makefile&quot;  VERBOSE=1 clean"/>
				</MakeCommands>
			</Target>
			<Target title="edit_cache">
				<Option working_dir="/Users/wangweicheng/Dropbox/My Mac (王伟程的MacBook Pro)/Desktop/Code/cmake-build-debug"/>
				<Option type="4"/>
				<MakeCommands>
					<Build command="/usr/bin/make -j8 -f &quot;/Users/wangweicheng/Dropbox/My\ Mac\ (王伟程的MacBook\ Pro)/Desktop/Code/cmake-build-debug/Makefile&quot;  VERBOSE=1 edit_cache"/>
					<CompileFile command="/usr/bin/make -j8 -f &quot;/Users/wangweicheng/Dropbox/My\ Mac\ (王伟程的MacBook\ Pro)/Desktop/Code/cmake-build-debug/Makefile&quot;  VERBOSE=1 &quot;$file&quot;"/>
					<Clean command="/usr/bin/make -j8 -f &quot;/Users/wangweicheng/Dropbox/My\ Mac\ (王伟程的MacBook\ Pro)/Desktop/Code/cmake-build-debug/Makefile&quot;  VERBOSE=1 clean"/>
					<DistClean command="/usr/bin/make -j8 -f &quot;/Users/wangweicheng/Dropbox/My\ Mac\ (王伟程的MacBook\ Pro)/Desktop/Code/cmake-build-debug/Makefile&quot;  VERBOSE=1 clean"/>
				</MakeCommands>
			</Target>
			<Target title="run">
				<Option output="/Users/wangweicheng/Dropbox/My Mac (王伟程的MacBook Pro)/Desktop/Code/cmake-build-debug/run" prefix_auto="0" extension_auto="0"/>
				<Option working_dir="/Users/wangweicheng/Dropbox/My Mac (王伟程的MacBook Pro)/Desktop/Code/cmake-build-debug"/>
				<Option object_output="./"/>
				<Option type="1"/>
				<Option compiler="gcc"/>
				<Compiler>
					<Add directory="/Users/wangweicheng/Dropbox/My Mac (王伟程的MacBook Pro)/Desktop/Code/."/>
					<Add directory="/Users/wangweicheng/Dropbox/My Mac (王伟程的MacBook Pro)/Desktop/Code/Others"/>
					<Add directory="/Users/wangweicheng/Dropbox/My Mac (王伟程的MacBook Pro)/Desktop/Code/Qhull"/>
					<Add directory="/Users/wangweicheng/Dropbox/My Mac (王伟程的MacBook Pro)/Desktop/Code/QuadProg"/>
					<Add directory="/Users/wangweicheng/Dropbox/My Mac (王伟程的MacBook Pro)/Desktop/Code/structure"/>
					<Add directory="/Users/wangweicheng/Dropbox/My Mac (王伟程的MacBook Pro)/Desktop/Code/UH"/>
					<Add directory="/Applications/Xcode.app/Contents/Developer/Toolchains/XcodeDefault.xctoolchain/usr/bin/../include/c++/v1"/>
					<Add directory="/usr/local/include"/>
					<Add directory="/Applications/Xcode.app/Contents/Developer/Toolchains/XcodeDefault.xctoolchain/usr/lib/clang/14.0.3/include"/>
					<Add directory="/Applications/Xcode.app/Contents/Developer/Toolchains/XcodeDefault.xctoolchain/usr/include"/>
					<Add directory="/System/Library/Frameworks"/>
					<Add directory="/Library/Frameworks"/>
				</Compiler>
				<MakeCommands>
					<Build command="/usr/bin/make -j8 -f &quot;/Users/wangweicheng/Dropbox/My\ Mac\ (王伟程的MacBook\ Pro)/Desktop/Code/cmake-build-debug/Makefile&quot;  VERBOSE=1 run"/>
					<CompileFile command="/usr/bin/make -j8 -f &quot;/Users/wangweicheng/Dropbox/My\ Mac\ (王伟程的MacBook\ Pro)/Desktop/Code/cmake-build-debug/Makefile&quot;  VERBOSE=1 &quot;$file&quot;"/>
					<Clean command="/usr/bin/make -j8 -f &quot;/Users/wangweicheng/Dropbox/My\ Mac\ (王伟程的MacBook\ Pro)/Desktop/Code/cmake-build-debug/Makefile&quot;  VERBOSE=1 clean"/>
					<DistClean command="/usr/bin/make -j8 -f &quot;/Users/wangweicheng/Dropbox/My\ Mac\ (王伟程的MacBook\ Pro)/Desktop/Code/cmake-build-debug/Makefile&quot;  VERBOSE=1 clean"/>
				</MakeCommands>
			</Target>
			<Target title="run/fast">
				<Option output="/Users/wangweicheng/Dropbox/My Mac (王伟程的MacBook Pro)/Desktop/Code/cmake-build-debug/run" prefix_auto="0" extension_auto="0"/>
				<Option working_dir="/Users/wangweicheng/Dropbox/My Mac (王伟程的MacBook Pro)/Desktop/Code/cmake-build-debug"/>
				<Option object_output="./"/>
				<Option type="1"/>
				<Option compiler="gcc"/>
				<Compiler>
					<Add directory="/Users/wangweicheng/Dropbox/My Mac (王伟程的MacBook Pro)/Desktop/Code/."/>
					<Add directory="/Users/wangweicheng/Dropbox/My Mac (王伟程的MacBook Pro)/Desktop/Code/Others"/>
					<Add directory="/Users/wangweicheng/Dropbox/My Mac (王伟程的MacBook Pro)/Desktop/Code/Qhull"/>
					<Add directory="/Users/wangweicheng/Dropbox/My Mac (王伟程的MacBook Pro)/Desktop/Code/QuadProg"/>
					<Add directory="/Users/wangweicheng/Dropbox/My Mac (王伟程的MacBook Pro)/Desktop/Code/structure"/>
					<Add directory="/Users/wangweicheng/Dropbox/My Mac (王伟程的MacBook Pro)/Desktop/Code/UH"/>
					<Add directory="/Applications/Xcode.app/Contents/Developer/Toolchains/XcodeDefault.xctoolchain/usr/bin/../include/c++/v1"/>
					<Add directory="/usr/local/include"/>
					<Add directory="/Applications/Xcode.app/Contents/Developer/Toolchains/XcodeDefault.xctoolchain/usr/lib/clang/14.0.3/include"/>
					<Add directory="/Applications/Xcode.app/Contents/Developer/Toolchains/XcodeDefault.xctoolchain/usr/include"/>
					<Add directory="/System/Library/Frameworks"/>
					<Add directory="/Library/Frameworks"/>
				</Compiler>
				<MakeCommands>
					<Build command="/usr/bin/make -j8 -f &quot;/Users/wangweicheng/Dropbox/My\ Mac\ (王伟程的MacBook\ Pro)/Desktop/Code/cmake-build-debug/Makefile&quot;  VERBOSE=1 run/fast"/>
					<CompileFile command="/usr/bin/make -j8 -f &quot;/Users/wangweicheng/Dropbox/My\ Mac\ (王伟程的MacBook\ Pro)/Desktop/Code/cmake-build-debug/Makefile&quot;  VERBOSE=1 &quot;$file&quot;"/>
					<Clean command="/usr/bin/make -j8 -f &quot;/Users/wangweicheng/Dropbox/My\ Mac\ (王伟程的MacBook\ Pro)/Desktop/Code/cmake-build-debug/Makefile&quot;  VERBOSE=1 clean"/>
					<DistClean command="/usr/bin/make -j8 -f &quot;/Users/wangweicheng/Dropbox/My\ Mac\ (王伟程的MacBook\ Pro)/Desktop/Code/cmake-build-debug/Makefile&quot;  VERBOSE=1 clean"/>
				</MakeCommands>
			</Target>
		</Build>
		<Unit filename="/Users/wangweicheng/Dropbox/My Mac (王伟程的MacBook Pro)/Desktop/Code/AlgorithmRunner.cpp">
			<Option target="run"/>
		</Unit>
		<Unit filename="/Users/wangweicheng/Dropbox/My Mac (王伟程的MacBook Pro)/Desktop/Code/AlgorithmRunner.h">
			<Option target="run"/>
		</Unit>
		<Unit filename="/Users/wangweicheng/Dropbox/My Mac (王伟程的MacBook Pro)/Desktop/Code/Others/lp.cpp">
			<Option target="run"/>
		</Unit>
		<Unit filename="/Users/wangweicheng/Dropbox/My Mac (王伟程的MacBook Pro)/Desktop/Code/Others/lp.h">
			<Option target="run"/>
		</Unit>
		<Unit filename="/Users/wangweicheng/Dropbox/My Mac (王伟程的MacBook Pro)/Desktop/Code/Others/operation.cpp">
			<Option target="run"/>
		</Unit>
		<Unit filename="/Users/wangweicheng/Dropbox/My Mac (王伟程的MacBook Pro)/Desktop/Code/Others/operation.h">
			<Option target="run"/>
		</Unit>
		<Unit filename="/Users/wangweicheng/Dropbox/My Mac (王伟程的MacBook Pro)/Desktop/Code/Others/pruning.cpp">
			<Option target="run"/>
		</Unit>
		<Unit filename="/Users/wangweicheng/Dropbox/My Mac (王伟程的MacBook Pro)/Desktop/Code/Others/pruning.h">
			<Option target="run"/>
		</Unit>
		<Unit filename="/Users/wangweicheng/Dropbox/My Mac (王伟程的MacBook Pro)/Desktop/Code/Qhull/geom.cpp">
			<Option target="run"/>
		</Unit>
		<Unit filename="/Users/wangweicheng/Dropbox/My Mac (王伟程的MacBook Pro)/Desktop/Code/Qhull/geom.h">
			<Option target="run"/>
		</Unit>
		<Unit filename="/Users/wangweicheng/Dropbox/My Mac (王伟程的MacBook Pro)/Desktop/Code/Qhull/geom2.cpp">
			<Option target="run"/>
		</Unit>
		<Unit filename="/Users/wangweicheng/Dropbox/My Mac (王伟程的MacBook Pro)/Desktop/Code/Qhull/global.cpp">
			<Option target="run"/>
		</Unit>
		<Unit filename="/Users/wangweicheng/Dropbox/My Mac (王伟程的MacBook Pro)/Desktop/Code/Qhull/io.cpp">
			<Option target="run"/>
		</Unit>
		<Unit filename="/Users/wangweicheng/Dropbox/My Mac (王伟程的MacBook Pro)/Desktop/Code/Qhull/io.h">
			<Option target="run"/>
		</Unit>
		<Unit filename="/Users/wangweicheng/Dropbox/My Mac (王伟程的MacBook Pro)/Desktop/Code/Qhull/libqhull.cpp">
			<Option target="run"/>
		</Unit>
		<Unit filename="/Users/wangweicheng/Dropbox/My Mac (王伟程的MacBook Pro)/Desktop/Code/Qhull/libqhull.h">
			<Option target="run"/>
		</Unit>
		<Unit filename="/Users/wangweicheng/Dropbox/My Mac (王伟程的MacBook Pro)/Desktop/Code/Qhull/mem.cpp">
			<Option target="run"/>
		</Unit>
		<Unit filename="/Users/wangweicheng/Dropbox/My Mac (王伟程的MacBook Pro)/Desktop/Code/Qhull/mem.h">
			<Option target="run"/>
		</Unit>
		<Unit filename="/Users/wangweicheng/Dropbox/My Mac (王伟程的MacBook Pro)/Desktop/Code/Qhull/merge.cpp">
			<Option target="run"/>
		</Unit>
		<Unit filename="/Users/wangweicheng/Dropbox/My Mac (王伟程的MacBook Pro)/Desktop/Code/Qhull/merge.h">
			<Option target="run"/>
		</Unit>
		<Unit filename="/Users/wangweicheng/Dropbox/My Mac (王伟程的MacBook Pro)/Desktop/Code/Qhull/poly.cpp">
			<Option target="run"/>
		</Unit>
		<Unit filename="/Users/wangweicheng/Dropbox/My Mac (王伟程的MacBook Pro)/Desktop/Code/Qhull/poly.h">
			<Option target="run"/>
		</Unit>
		<Unit filename="/Users/wangweicheng/Dropbox/My Mac (王伟程的MacBook Pro)/Desktop/Code/Qhull/poly2.cpp">
			<Option target="run"/>
		</Unit>
		<Unit filename="/Users/wangweicheng/Dropbox/My Mac (王伟程的MacBook Pro)/Desktop/Code/Qhull/qhull_a.h">
			<Option target="run"/>
		</Unit>
		<Unit filename="/Users/wangweicheng/Dropbox/My Mac (王伟程的MacBook Pro)/Desktop/Code/Qhull/qhull_build.cpp">
			<Option target="run"/>
		</Unit>
		<Unit filename="/Users/wangweicheng/Dropbox/My Mac (王伟程的MacBook Pro)/Desktop/Code/Qhull/qhull_build.h">
			<Option target="run"/>
		</Unit>
		<Unit filename="/Users/wangweicheng/Dropbox/My Mac (王伟程的MacBook Pro)/Desktop/Code/Qhull/qset.cpp">
			<Option target="run"/>
		</Unit>
		<Unit filename="/Users/wangweicheng/Dropbox/My Mac (王伟程的MacBook Pro)/Desktop/Code/Qhull/qset.h">
			<Option target="run"/>
		</Unit>
		<Unit filename="/Users/wangweicheng/Dropbox/My Mac (王伟程的MacBook Pro)/Desktop/Code/Qhull/random.cpp">
			<Option target="run"/>
		</Unit>
		<Unit filename="/Users/wangweicheng/Dropbox/My Mac (王伟程的MacBook Pro)/Desktop/Code/Qhull/random.h">
			<Option target="run"/>
		</Unit>
		<Unit filename="/Users/wangweicheng/Dropbox/My Mac (王伟程的MacBook Pro)/Desktop/Code/Qhull/rboxlib.cpp">
			<Option target="run"/>
		</Unit>
		<Unit filename="/Users/wangweicheng/Dropbox/My Mac (王伟程的MacBook Pro)/Desktop/Code/Qhull/stat.cpp">
			<Option target="run"/>
		</Unit>
		<Unit filename="/Users/wangweicheng/Dropbox/My Mac (王伟程的MacBook Pro)/Desktop/Code/Qhull/stat.h">
			<Option target="run"/>
		</Unit>
		<Unit filename="/Users/wangweicheng/Dropbox/My Mac (王伟程的MacBook Pro)/Desktop/Code/Qhull/user.cpp">
			<Option target="run"/>
		</Unit>
		<Unit filename="/Users/wangweicheng/Dropbox/My Mac (王伟程的MacBook Pro)/Desktop/Code/Qhull/user.h">
			<Option target="run"/>
		</Unit>
		<Unit filename="/Users/wangweicheng/Dropbox/My Mac (王伟程的MacBook Pro)/Desktop/Code/Qhull/usermem.cpp">
			<Option target="run"/>
		</Unit>
		<Unit filename="/Users/wangweicheng/Dropbox/My Mac (王伟程的MacBook Pro)/Desktop/Code/Qhull/userprintf.cpp">
			<Option target="run"/>
		</Unit>
		<Unit filename="/Users/wangweicheng/Dropbox/My Mac (王伟程的MacBook Pro)/Desktop/Code/Qhull/userprintf_rbox.cpp">
			<Option target="run"/>
		</Unit>
		<Unit filename="/Users/wangweicheng/Dropbox/My Mac (王伟程的MacBook Pro)/Desktop/Code/QuadProg/Array.cc">
			<Option target="run"/>
		</Unit>
		<Unit filename="/Users/wangweicheng/Dropbox/My Mac (王伟程的MacBook Pro)/Desktop/Code/QuadProg/Array.hh">
			<Option target="run"/>
		</Unit>
		<Unit filename="/Users/wangweicheng/Dropbox/My Mac (王伟程的MacBook Pro)/Desktop/Code/QuadProg/QuadProg++.cc">
			<Option target="run"/>
		</Unit>
		<Unit filename="/Users/wangweicheng/Dropbox/My Mac (王伟程的MacBook Pro)/Desktop/Code/QuadProg/QuadProg++.hh">
			<Option target="run"/>
		</Unit>
		<Unit filename="/Users/wangweicheng/Dropbox/My Mac (王伟程的MacBook Pro)/Desktop/Code/UH/frame.cpp">
			<Option target="run"/>
		</Unit>
		<Unit filename="/Users/wangweicheng/Dropbox/My Mac (王伟程的MacBook Pro)/Desktop/Code/UH/frame.h">
			<Option target="run"/>
		</Unit>
		<Unit filename="/Users/wangweicheng/Dropbox/My Mac (王伟程的MacBook Pro)/Desktop/Code/UH/maxUtility.cpp">
			<Option target="run"/>
		</Unit>
		<Unit filename="/Users/wangweicheng/Dropbox/My Mac (王伟程的MacBook Pro)/Desktop/Code/UH/maxUtility.h">
			<Option target="run"/>
		</Unit>
		<Unit filename="/Users/wangweicheng/Dropbox/My Mac (王伟程的MacBook Pro)/Desktop/Code/output/ext_pt.txt">
			<Option target="run"/>
		</Unit>
		<Unit filename="/Users/wangweicheng/Dropbox/My Mac (王伟程的MacBook Pro)/Desktop/Code/output/hyperplane_data.txt">
			<Option target="run"/>
		</Unit>
		<Unit filename="/Users/wangweicheng/Dropbox/My Mac (王伟程的MacBook Pro)/Desktop/Code/output/point.txt">
			<Option target="run"/>
		</Unit>
		<Unit filename="/Users/wangweicheng/Dropbox/My Mac (王伟程的MacBook Pro)/Desktop/Code/output/top.txt">
			<Option target="run"/>
		</Unit>
		<Unit filename="/Users/wangweicheng/Dropbox/My Mac (王伟程的MacBook Pro)/Desktop/Code/structure/Ctree.cpp">
			<Option target="run"/>
		</Unit>
		<Unit filename="/Users/wangweicheng/Dropbox/My Mac (王伟程的MacBook Pro)/Desktop/Code/structure/Ctree.h">
			<Option target="run"/>
		</Unit>
		<Unit filename="/Users/wangweicheng/Dropbox/My Mac (王伟程的MacBook Pro)/Desktop/Code/structure/L.cpp">
			<Option target="run"/>
		</Unit>
		<Unit filename="/Users/wangweicheng/Dropbox/My Mac (王伟程的MacBook Pro)/Desktop/Code/structure/L.h">
			<Option target="run"/>
		</Unit>
		<Unit filename="/Users/wangweicheng/Dropbox/My Mac (王伟程的MacBook Pro)/Desktop/Code/structure/cluster_h.cpp">
			<Option target="run"/>
		</Unit>
		<Unit filename="/Users/wangweicheng/Dropbox/My Mac (王伟程的MacBook Pro)/Desktop/Code/structure/cluster_h.h">
			<Option target="run"/>
		</Unit>
		<Unit filename="/Users/wangweicheng/Dropbox/My Mac (王伟程的MacBook Pro)/Desktop/Code/structure/cluster_t.cpp">
			<Option target="run"/>
		</Unit>
		<Unit filename="/Users/wangweicheng/Dropbox/My Mac (王伟程的MacBook Pro)/Desktop/Code/structure/cluster_t.h">
			<Option target="run"/>
		</Unit>
		<Unit filename="/Users/wangweicheng/Dropbox/My Mac (王伟程的MacBook Pro)/Desktop/Code/structure/data_struct.h">
			<Option target="run"/>
		</Unit>
		<Unit filename="/Users/wangweicheng/Dropbox/My Mac (王伟程的MacBook Pro)/Desktop/Code/structure/data_utility.cpp">
			<Option target="run"/>
		</Unit>
		<Unit filename="/Users/wangweicheng/Dropbox/My Mac (王伟程的MacBook Pro)/Desktop/Code/structure/data_utility.h">
			<Option target="run"/>
		</Unit>
		<Unit filename="/Users/wangweicheng/Dropbox/My Mac (王伟程的MacBook Pro)/Desktop/Code/structure/define.h">
			<Option target="run"/>
		</Unit>
		<Unit filename="/Users/wangweicheng/Dropbox/My Mac (王伟程的MacBook Pro)/Desktop/Code/structure/hyperplane.cpp">
			<Option target="run"/>
		</Unit>
		<Unit filename="/Users/wangweicheng/Dropbox/My Mac (王伟程的MacBook Pro)/Desktop/Code/structure/hyperplane.h">
			<Option target="run"/>
		</Unit>
		<Unit filename="/Users/wangweicheng/Dropbox/My Mac (王伟程的MacBook Pro)/Desktop/Code/structure/hyperplane_set.cpp">
			<Option target="run"/>
		</Unit>
		<Unit filename="/Users/wangweicheng/Dropbox/My Mac (王伟程的MacBook Pro)/Desktop/Code/structure/hyperplane_set.h">
			<Option target="run"/>
		</Unit>
		<Unit filename="/Users/wangweicheng/Dropbox/My Mac (王伟程的MacBook Pro)/Desktop/Code/structure/inequality.cpp">
			<Option target="run"/>
		</Unit>
		<Unit filename="/Users/wangweicheng/Dropbox/My Mac (王伟程的MacBook Pro)/Desktop/Code/structure/inequality.h">
			<Option target="run"/>
		</Unit>
		<Unit filename="/Users/wangweicheng/Dropbox/My Mac (王伟程的MacBook Pro)/Desktop/Code/structure/point_set.cpp">
			<Option target="run"/>
		</Unit>
		<Unit filename="/Users/wangweicheng/Dropbox/My Mac (王伟程的MacBook Pro)/Desktop/Code/structure/point_set.h">
			<Option target="run"/>
		</Unit>
		<Unit filename="/Users/wangweicheng/Dropbox/My Mac (王伟程的MacBook Pro)/Desktop/Code/structure/point_t.cpp">
			<Option target="run"/>
		</Unit>
		<Unit filename="/Users/wangweicheng/Dropbox/My Mac (王伟程的MacBook Pro)/Desktop/Code/structure/point_t.h">
			<Option target="run"/>
		</Unit>
		<Unit filename="/Users/wangweicheng/Dropbox/My Mac (王伟程的MacBook Pro)/Desktop/Code/structure/r_node.cpp">
			<Option target="run"/>
		</Unit>
		<Unit filename="/Users/wangweicheng/Dropbox/My Mac (王伟程的MacBook Pro)/Desktop/Code/structure/r_node.h">
			<Option target="run"/>
		</Unit>
		<Unit filename="/Users/wangweicheng/Dropbox/My Mac (王伟程的MacBook Pro)/Desktop/Code/structure/relational_graph.cpp">
			<Option target="run"/>
		</Unit>
		<Unit filename="/Users/wangweicheng/Dropbox/My Mac (王伟程的MacBook Pro)/Desktop/Code/structure/relational_graph.h">
			<Option target="run"/>
		</Unit>
		<Unit filename="/Users/wangweicheng/Dropbox/My Mac (王伟程的MacBook Pro)/Desktop/Code/structure/rnode_tree.cpp">
			<Option target="run"/>
		</Unit>
		<Unit filename="/Users/wangweicheng/Dropbox/My Mac (王伟程的MacBook Pro)/Desktop/Code/structure/rnode_tree.h">
			<Option target="run"/>
		</Unit>
		<Unit filename="/Users/wangweicheng/Dropbox/My Mac (王伟程的MacBook Pro)/Desktop/Code/structure/rtree.cpp">
			<Option target="run"/>
		</Unit>
		<Unit filename="/Users/wangweicheng/Dropbox/My Mac (王伟程的MacBook Pro)/Desktop/Code/structure/rtree.h">
			<Option target="run"/>
		</Unit>
		<Unit filename="/Users/wangweicheng/Dropbox/My Mac (王伟程的MacBook Pro)/Desktop/Code/structure/s_node.cpp">
			<Option target="run"/>
		</Unit>
		<Unit filename="/Users/wangweicheng/Dropbox/My Mac (王伟程的MacBook Pro)/Desktop/Code/structure/s_node.h">
			<Option target="run"/>
		</Unit>
		<Unit filename="/Users/wangweicheng/Dropbox/My Mac (王伟程的MacBook Pro)/Desktop/Code/structure/tuple_set.cpp">
			<Option target="run"/>
		</Unit>
		<Unit filename="/Users/wangweicheng/Dropbox/My Mac (王伟程的MacBook Pro)/Desktop/Code/structure/tuple_set.h">
			<Option target="run"/>
		</Unit>
		<Unit filename="/Users/wangweicheng/Dropbox/My Mac (王伟程的MacBook Pro)/Desktop/Code/structure/tuple_t.cpp">
			<Option target="run"/>
		</Unit>
		<Unit filename="/Users/wangweicheng/Dropbox/My Mac (王伟程的MacBook Pro)/Desktop/Code/structure/tuple_t.h">
			<Option target="run"/>
		</Unit>
		<Unit filename="/Users/wangweicheng/Dropbox/My Mac (王伟程的MacBook Pro)/Desktop/Code/structure/valueArray.cpp">
			<Option target="run"/>
		</Unit>
		<Unit filename="/Users/wangweicheng/Dropbox/My Mac (王伟程的MacBook Pro)/Desktop/Code/structure/valueArray.h">
			<Option target="run"/>
		</Unit>
		<Unit filename="/Users/wangweicheng/Dropbox/My Mac (王伟程的MacBook Pro)/Desktop/Code/web.cpp">
			<Option target="run"/>
		</Unit>
		<Unit filename="/Users/wangweicheng/Dropbox/My Mac (王伟程的MacBook Pro)/Desktop/Code/CMakeLists.txt">
			<Option virtualFolder="CMake Files\"/>
		</Unit>
	</Project>
</CodeBlocks_project_file>
